
Microsoft Visual Studio Solution File, Format Version 12.00
# Visual Studio Version 17
VisualStudioVersion = 17.13.35931.197 d17.13
MinimumVisualStudioVersion = 10.0.40219.1
Project("{FAE04EC0-301F-11D3-BF4B-00C04F79EFBC}") = "MAUI_MultiAxis_Chart", "MAUI_MultiAxis_Chart\MAUI_MultiAxis_Chart.csproj", "{67702A8A-63E0-4770-9F7E-D61F4C08D6EC}"
EndProject
Global
	GlobalSection(SolutionConfigurationPlatforms) = preSolution
		Debug|Any CPU = Debug|Any CPU
		Release|Any CPU = Release|Any CPU
	EndGlobalSection
	GlobalSection(ProjectConfigurationPlatforms) = postSolution
		{67702A8A-63E0-4770-9F7E-D61F4C08D6EC}.Debug|Any CPU.ActiveCfg = Debug|Any CPU
		{67702A8A-63E0-4770-9F7E-D61F4C08D6EC}.Debug|Any CPU.Build.0 = Debug|Any CPU
		{67702A8A-63E0-4770-9F7E-D61F4C08D6EC}.Release|Any CPU.ActiveCfg = Release|Any CPU
		{67702A8A-63E0-4770-9F7E-D61F4C08D6EC}.Release|Any CPU.Build.0 = Release|Any CPU
	EndGlobalSection
	GlobalSection(SolutionProperties) = preSolution
		HideSolutionNode = FALSE
	EndGlobalSection
	GlobalSection(ExtensibilityGlobals) = postSolution
		SolutionGuid = {81CD6FDC-D2AE-412F-B2F2-55EA243B98CE}
	EndGlobalSection
EndGlobal
